// !$*UTF8*$!
{
	archiveVersion = 1;
	classes = {
	};
	objectVersion = 50;
	objects = {

/* Begin PBXBuildFile section */
		F73E0ACC21369BF500DD2960 /* RFHomeViewController.swift in Sources */ = {isa = PBXBuildFile; fileRef = F73E0ACB21369BF500DD2960 /* RFHomeViewController.swift */; };
		F73E0AD82136A05300DD2960 /* Bundle+Extension.swift in Sources */ = {isa = PBXBuildFile; fileRef = F73E0ACE2136A05200DD2960 /* Bundle+Extension.swift */; };
		F73E0ADA2136A05300DD2960 /* UIBarButtonItem+Extension.swift in Sources */ = {isa = PBXBuildFile; fileRef = F73E0AD02136A05200DD2960 /* UIBarButtonItem+Extension.swift */; };
		F73E0ADB2136A05300DD2960 /* UIButton+Extension.swift in Sources */ = {isa = PBXBuildFile; fileRef = F73E0AD12136A05200DD2960 /* UIButton+Extension.swift */; };
		F73E0ADC2136A05300DD2960 /* UIColor+Extension.swift in Sources */ = {isa = PBXBuildFile; fileRef = F73E0AD22136A05200DD2960 /* UIColor+Extension.swift */; };
		F73E0ADD2136A05300DD2960 /* UILabel+Extension.swift in Sources */ = {isa = PBXBuildFile; fileRef = F73E0AD32136A05200DD2960 /* UILabel+Extension.swift */; };
		F73E0ADE2136A05300DD2960 /* Constant.swift in Sources */ = {isa = PBXBuildFile; fileRef = F73E0AD52136A05300DD2960 /* Constant.swift */; };
		F73E0ADF2136A05300DD2960 /* Function.swift in Sources */ = {isa = PBXBuildFile; fileRef = F73E0AD62136A05300DD2960 /* Function.swift */; };
		F73E0AE02136A05300DD2960 /* URLString.swift in Sources */ = {isa = PBXBuildFile; fileRef = F73E0AD72136A05300DD2960 /* URLString.swift */; };
		F74A86F5212EC22D001A858F /* Home.storyboard in Resources */ = {isa = PBXBuildFile; fileRef = F74A86F4212EC22D001A858F /* Home.storyboard */; };
		F74A86F7212EC42B001A858F /* Live.storyboard in Resources */ = {isa = PBXBuildFile; fileRef = F74A86F6212EC42B001A858F /* Live.storyboard */; };
		F74A86F9212EC4CD001A858F /* Follow.storyboard in Resources */ = {isa = PBXBuildFile; fileRef = F74A86F8212EC4CD001A858F /* Follow.storyboard */; };
		F74A86FB212EC514001A858F /* Profile.storyboard in Resources */ = {isa = PBXBuildFile; fileRef = F74A86FA212EC514001A858F /* Profile.storyboard */; };
		F74EBC98212D449C00FE351B /* AppDelegate.swift in Sources */ = {isa = PBXBuildFile; fileRef = F74EBC97212D449C00FE351B /* AppDelegate.swift */; };
		F74EBC9D212D449C00FE351B /* Main.storyboard in Resources */ = {isa = PBXBuildFile; fileRef = F74EBC9B212D449C00FE351B /* Main.storyboard */; };
		F74EBC9F212D44A100FE351B /* Assets.xcassets in Resources */ = {isa = PBXBuildFile; fileRef = F74EBC9E212D44A100FE351B /* Assets.xcassets */; };
		F74EBCAD212D44A100FE351B /* RumbleFishTVTests.swift in Sources */ = {isa = PBXBuildFile; fileRef = F74EBCAC212D44A100FE351B /* RumbleFishTVTests.swift */; };
		F74EBCB8212D44A100FE351B /* RumbleFishTVUITests.swift in Sources */ = {isa = PBXBuildFile; fileRef = F74EBCB7212D44A100FE351B /* RumbleFishTVUITests.swift */; };
		F74EBCCD212D623D00FE351B /* RFTabBarController.swift in Sources */ = {isa = PBXBuildFile; fileRef = F74EBCCC212D623D00FE351B /* RFTabBarController.swift */; };
		F74EBCCF212D647100FE351B /* RFNavigationController.swift in Sources */ = {isa = PBXBuildFile; fileRef = F74EBCCE212D647100FE351B /* RFNavigationController.swift */; };
		F74FCE692137CD0B00AB28DD /* PageTitleView.swift in Sources */ = {isa = PBXBuildFile; fileRef = F74FCE682137CD0B00AB28DD /* PageTitleView.swift */; };
/* End PBXBuildFile section */

/* Begin PBXContainerItemProxy section */
		F74EBCA9212D44A100FE351B /* PBXContainerItemProxy */ = {
			isa = PBXContainerItemProxy;
			containerPortal = F74EBC8C212D449C00FE351B /* Project object */;
			proxyType = 1;
			remoteGlobalIDString = F74EBC93212D449C00FE351B;
			remoteInfo = RumbleFishTV;
		};
		F74EBCB4212D44A100FE351B /* PBXContainerItemProxy */ = {
			isa = PBXContainerItemProxy;
			containerPortal = F74EBC8C212D449C00FE351B /* Project object */;
			proxyType = 1;
			remoteGlobalIDString = F74EBC93212D449C00FE351B;
			remoteInfo = RumbleFishTV;
		};
/* End PBXContainerItemProxy section */

/* Begin PBXFileReference section */
		F73E0ACB21369BF500DD2960 /* RFHomeViewController.swift */ = {isa = PBXFileReference; lastKnownFileType = sourcecode.swift; path = RFHomeViewController.swift; sourceTree = "<group>"; };
		F73E0ACE2136A05200DD2960 /* Bundle+Extension.swift */ = {isa = PBXFileReference; fileEncoding = 4; lastKnownFileType = sourcecode.swift; path = "Bundle+Extension.swift"; sourceTree = "<group>"; };
		F73E0AD02136A05200DD2960 /* UIBarButtonItem+Extension.swift */ = {isa = PBXFileReference; fileEncoding = 4; lastKnownFileType = sourcecode.swift; path = "UIBarButtonItem+Extension.swift"; sourceTree = "<group>"; };
		F73E0AD12136A05200DD2960 /* UIButton+Extension.swift */ = {isa = PBXFileReference; fileEncoding = 4; lastKnownFileType = sourcecode.swift; path = "UIButton+Extension.swift"; sourceTree = "<group>"; };
		F73E0AD22136A05200DD2960 /* UIColor+Extension.swift */ = {isa = PBXFileReference; fileEncoding = 4; lastKnownFileType = sourcecode.swift; path = "UIColor+Extension.swift"; sourceTree = "<group>"; };
		F73E0AD32136A05200DD2960 /* UILabel+Extension.swift */ = {isa = PBXFileReference; fileEncoding = 4; lastKnownFileType = sourcecode.swift; path = "UILabel+Extension.swift"; sourceTree = "<group>"; };
		F73E0AD52136A05300DD2960 /* Constant.swift */ = {isa = PBXFileReference; fileEncoding = 4; lastKnownFileType = sourcecode.swift; path = Constant.swift; sourceTree = "<group>"; };
		F73E0AD62136A05300DD2960 /* Function.swift */ = {isa = PBXFileReference; fileEncoding = 4; lastKnownFileType = sourcecode.swift; path = Function.swift; sourceTree = "<group>"; };
		F73E0AD72136A05300DD2960 /* URLString.swift */ = {isa = PBXFileReference; fileEncoding = 4; lastKnownFileType = sourcecode.swift; path = URLString.swift; sourceTree = "<group>"; };
		F74A86F4212EC22D001A858F /* Home.storyboard */ = {isa = PBXFileReference; fileEncoding = 4; lastKnownFileType = file.storyboard; path = Home.storyboard; sourceTree = "<group>"; };
		F74A86F6212EC42B001A858F /* Live.storyboard */ = {isa = PBXFileReference; fileEncoding = 4; lastKnownFileType = file.storyboard; path = Live.storyboard; sourceTree = "<group>"; };
		F74A86F8212EC4CD001A858F /* Follow.storyboard */ = {isa = PBXFileReference; fileEncoding = 4; lastKnownFileType = file.storyboard; path = Follow.storyboard; sourceTree = "<group>"; };
		F74A86FA212EC514001A858F /* Profile.storyboard */ = {isa = PBXFileReference; fileEncoding = 4; lastKnownFileType = file.storyboard; path = Profile.storyboard; sourceTree = "<group>"; };
		F74EBC94212D449C00FE351B /* RumbleFishTV.app */ = {isa = PBXFileReference; explicitFileType = wrapper.application; includeInIndex = 0; path = RumbleFishTV.app; sourceTree = BUILT_PRODUCTS_DIR; };
		F74EBC97212D449C00FE351B /* AppDelegate.swift */ = {isa = PBXFileReference; lastKnownFileType = sourcecode.swift; path = AppDelegate.swift; sourceTree = "<group>"; };
		F74EBC9C212D449C00FE351B /* Base */ = {isa = PBXFileReference; lastKnownFileType = file.storyboard; name = Base; path = Base.lproj/Main.storyboard; sourceTree = "<group>"; };
		F74EBC9E212D44A100FE351B /* Assets.xcassets */ = {isa = PBXFileReference; lastKnownFileType = folder.assetcatalog; path = Assets.xcassets; sourceTree = "<group>"; };
		F74EBCA3212D44A100FE351B /* Info.plist */ = {isa = PBXFileReference; lastKnownFileType = text.plist.xml; path = Info.plist; sourceTree = "<group>"; };
		F74EBCA8212D44A100FE351B /* RumbleFishTVTests.xctest */ = {isa = PBXFileReference; explicitFileType = wrapper.cfbundle; includeInIndex = 0; path = RumbleFishTVTests.xctest; sourceTree = BUILT_PRODUCTS_DIR; };
		F74EBCAC212D44A100FE351B /* RumbleFishTVTests.swift */ = {isa = PBXFileReference; lastKnownFileType = sourcecode.swift; path = RumbleFishTVTests.swift; sourceTree = "<group>"; };
		F74EBCAE212D44A100FE351B /* Info.plist */ = {isa = PBXFileReference; lastKnownFileType = text.plist.xml; path = Info.plist; sourceTree = "<group>"; };
		F74EBCB3212D44A100FE351B /* RumbleFishTVUITests.xctest */ = {isa = PBXFileReference; explicitFileType = wrapper.cfbundle; includeInIndex = 0; path = RumbleFishTVUITests.xctest; sourceTree = BUILT_PRODUCTS_DIR; };
		F74EBCB7212D44A100FE351B /* RumbleFishTVUITests.swift */ = {isa = PBXFileReference; lastKnownFileType = sourcecode.swift; path = RumbleFishTVUITests.swift; sourceTree = "<group>"; };
		F74EBCB9212D44A100FE351B /* Info.plist */ = {isa = PBXFileReference; lastKnownFileType = text.plist.xml; path = Info.plist; sourceTree = "<group>"; };
		F74EBCCC212D623D00FE351B /* RFTabBarController.swift */ = {isa = PBXFileReference; lastKnownFileType = sourcecode.swift; path = RFTabBarController.swift; sourceTree = "<group>"; };
		F74EBCCE212D647100FE351B /* RFNavigationController.swift */ = {isa = PBXFileReference; lastKnownFileType = sourcecode.swift; path = RFNavigationController.swift; sourceTree = "<group>"; };
		F74FCE682137CD0B00AB28DD /* PageTitleView.swift */ = {isa = PBXFileReference; lastKnownFileType = sourcecode.swift; path = PageTitleView.swift; sourceTree = "<group>"; };
/* End PBXFileReference section */

/* Begin PBXFrameworksBuildPhase section */
		F74EBC91212D449C00FE351B /* Frameworks */ = {
			isa = PBXFrameworksBuildPhase;
			buildActionMask = 2147483647;
			files = (
			);
			runOnlyForDeploymentPostprocessing = 0;
		};
		F74EBCA5212D44A100FE351B /* Frameworks */ = {
			isa = PBXFrameworksBuildPhase;
			buildActionMask = 2147483647;
			files = (
			);
			runOnlyForDeploymentPostprocessing = 0;
		};
		F74EBCB0212D44A100FE351B /* Frameworks */ = {
			isa = PBXFrameworksBuildPhase;
			buildActionMask = 2147483647;
			files = (
			);
			runOnlyForDeploymentPostprocessing = 0;
		};
/* End PBXFrameworksBuildPhase section */

/* Begin PBXGroup section */
		F73E0ACD2136A05200DD2960 /* Extension */ = {
			isa = PBXGroup;
			children = (
				F73E0ACE2136A05200DD2960 /* Bundle+Extension.swift */,
				F73E0AD02136A05200DD2960 /* UIBarButtonItem+Extension.swift */,
				F73E0AD12136A05200DD2960 /* UIButton+Extension.swift */,
				F73E0AD22136A05200DD2960 /* UIColor+Extension.swift */,
				F73E0AD32136A05200DD2960 /* UILabel+Extension.swift */,
			);
			path = Extension;
			sourceTree = "<group>";
		};
		F73E0AD42136A05300DD2960 /* Other */ = {
			isa = PBXGroup;
			children = (
				F73E0AD52136A05300DD2960 /* Constant.swift */,
				F73E0AD62136A05300DD2960 /* Function.swift */,
				F73E0AD72136A05300DD2960 /* URLString.swift */,
			);
			path = Other;
			sourceTree = "<group>";
		};
		F74A86FC212EC655001A858F /* View */ = {
			isa = PBXGroup;
			children = (
			);
			path = View;
			sourceTree = "<group>";
		};
		F74A86FD212EC655001A858F /* Controller */ = {
			isa = PBXGroup;
			children = (
				F73E0ACB21369BF500DD2960 /* RFHomeViewController.swift */,
			);
			path = Controller;
			sourceTree = "<group>";
		};
		F74A86FE212EC655001A858F /* Model */ = {
			isa = PBXGroup;
			children = (
			);
			path = Model;
			sourceTree = "<group>";
		};
		F74EBC8B212D449C00FE351B = {
			isa = PBXGroup;
			children = (
				F74EBC96212D449C00FE351B /* RumbleFishTV */,
				F74EBCAB212D44A100FE351B /* RumbleFishTVTests */,
				F74EBCB6212D44A100FE351B /* RumbleFishTVUITests */,
				F74EBC95212D449C00FE351B /* Products */,
			);
			sourceTree = "<group>";
		};
		F74EBC95212D449C00FE351B /* Products */ = {
			isa = PBXGroup;
			children = (
				F74EBC94212D449C00FE351B /* RumbleFishTV.app */,
				F74EBCA8212D44A100FE351B /* RumbleFishTVTests.xctest */,
				F74EBCB3212D44A100FE351B /* RumbleFishTVUITests.xctest */,
			);
			name = Products;
			sourceTree = "<group>";
		};
		F74EBC96212D449C00FE351B /* RumbleFishTV */ = {
			isa = PBXGroup;
			children = (
				F74EBCC5212D585300FE351B /* Classes */,
				F74EBC97212D449C00FE351B /* AppDelegate.swift */,
				F74EBC9E212D44A100FE351B /* Assets.xcassets */,
				F74EBCA3212D44A100FE351B /* Info.plist */,
			);
			path = RumbleFishTV;
			sourceTree = "<group>";
		};
		F74EBCAB212D44A100FE351B /* RumbleFishTVTests */ = {
			isa = PBXGroup;
			children = (
				F74EBCAC212D44A100FE351B /* RumbleFishTVTests.swift */,
				F74EBCAE212D44A100FE351B /* Info.plist */,
			);
			path = RumbleFishTVTests;
			sourceTree = "<group>";
		};
		F74EBCB6212D44A100FE351B /* RumbleFishTVUITests */ = {
			isa = PBXGroup;
			children = (
				F74EBCB7212D44A100FE351B /* RumbleFishTVUITests.swift */,
				F74EBCB9212D44A100FE351B /* Info.plist */,
			);
			path = RumbleFishTVUITests;
			sourceTree = "<group>";
		};
		F74EBCC5212D585300FE351B /* Classes */ = {
			isa = PBXGroup;
			children = (
				F74EBCCB212D585300FE351B /* Tools */,
				F74EBCC9212D585300FE351B /* Main */,
				F74EBCC7212D585300FE351B /* Home */,
				F74EBCC8212D585300FE351B /* Live */,
				F74EBCC6212D585300FE351B /* Follow */,
				F74EBCCA212D585300FE351B /* Profile */,
			);
			path = Classes;
			sourceTree = "<group>";
		};
		F74EBCC6212D585300FE351B /* Follow */ = {
			isa = PBXGroup;
			children = (
				F74A86F8212EC4CD001A858F /* Follow.storyboard */,
			);
			path = Follow;
			sourceTree = "<group>";
		};
		F74EBCC7212D585300FE351B /* Home */ = {
			isa = PBXGroup;
			children = (
				F74A86F4212EC22D001A858F /* Home.storyboard */,
				F74A86FE212EC655001A858F /* Model */,
				F74A86FC212EC655001A858F /* View */,
				F74A86FD212EC655001A858F /* Controller */,
			);
			path = Home;
			sourceTree = "<group>";
		};
		F74EBCC8212D585300FE351B /* Live */ = {
			isa = PBXGroup;
			children = (
				F74A86F6212EC42B001A858F /* Live.storyboard */,
			);
			path = Live;
			sourceTree = "<group>";
		};
		F74EBCC9212D585300FE351B /* Main */ = {
			isa = PBXGroup;
			children = (
				F74FCE672137CC1400AB28DD /* Model */,
				F74FCE652137CBC000AB28DD /* View */,
				F74FCE662137CC1300AB28DD /* Controller */,
				F74EBC9B212D449C00FE351B /* Main.storyboard */,
			);
			path = Main;
			sourceTree = "<group>";
		};
		F74EBCCA212D585300FE351B /* Profile */ = {
			isa = PBXGroup;
			children = (
				F74A86FA212EC514001A858F /* Profile.storyboard */,
			);
			path = Profile;
			sourceTree = "<group>";
		};
		F74EBCCB212D585300FE351B /* Tools */ = {
			isa = PBXGroup;
			children = (
				F73E0ACD2136A05200DD2960 /* Extension */,
				F73E0AD42136A05300DD2960 /* Other */,
			);
			path = Tools;
			sourceTree = "<group>";
		};
		F74FCE652137CBC000AB28DD /* View */ = {
			isa = PBXGroup;
			children = (
				F74FCE682137CD0B00AB28DD /* PageTitleView.swift */,
			);
			path = View;
			sourceTree = "<group>";
		};
		F74FCE662137CC1300AB28DD /* Controller */ = {
			isa = PBXGroup;
			children = (
				F74EBCCC212D623D00FE351B /* RFTabBarController.swift */,
				F74EBCCE212D647100FE351B /* RFNavigationController.swift */,
			);
			name = Controller;
			path = RumbleFishTV/Classes/Main/Controller;
			sourceTree = SOURCE_ROOT;
		};
		F74FCE672137CC1400AB28DD /* Model */ = {
			isa = PBXGroup;
			children = (
			);
			name = Model;
			path = RumbleFishTV/Classes/Main/Model;
			sourceTree = SOURCE_ROOT;
		};
/* End PBXGroup section */

/* Begin PBXNativeTarget section */
		F74EBC93212D449C00FE351B /* RumbleFishTV */ = {
			isa = PBXNativeTarget;
			buildConfigurationList = F74EBCBC212D44A100FE351B /* Build configuration list for PBXNativeTarget "RumbleFishTV" */;
			buildPhases = (
				F74EBC90212D449C00FE351B /* Sources */,
				F74EBC91212D449C00FE351B /* Frameworks */,
				F74EBC92212D449C00FE351B /* Resources */,
			);
			buildRules = (
			);
			dependencies = (
			);
			name = RumbleFishTV;
			productName = RumbleFishTV;
			productReference = F74EBC94212D449C00FE351B /* RumbleFishTV.app */;
			productType = "com.apple.product-type.application";
		};
		F74EBCA7212D44A100FE351B /* RumbleFishTVTests */ = {
			isa = PBXNativeTarget;
			buildConfigurationList = F74EBCBF212D44A100FE351B /* Build configuration list for PBXNativeTarget "RumbleFishTVTests" */;
			buildPhases = (
				F74EBCA4212D44A100FE351B /* Sources */,
				F74EBCA5212D44A100FE351B /* Frameworks */,
				F74EBCA6212D44A100FE351B /* Resources */,
			);
			buildRules = (
			);
			dependencies = (
				F74EBCAA212D44A100FE351B /* PBXTargetDependency */,
			);
			name = RumbleFishTVTests;
			productName = RumbleFishTVTests;
			productReference = F74EBCA8212D44A100FE351B /* RumbleFishTVTests.xctest */;
			productType = "com.apple.product-type.bundle.unit-test";
		};
		F74EBCB2212D44A100FE351B /* RumbleFishTVUITests */ = {
			isa = PBXNativeTarget;
			buildConfigurationList = F74EBCC2212D44A100FE351B /* Build configuration list for PBXNativeTarget "RumbleFishTVUITests" */;
			buildPhases = (
				F74EBCAF212D44A100FE351B /* Sources */,
				F74EBCB0212D44A100FE351B /* Frameworks */,
				F74EBCB1212D44A100FE351B /* Resources */,
			);
			buildRules = (
			);
			dependencies = (
				F74EBCB5212D44A100FE351B /* PBXTargetDependency */,
			);
			name = RumbleFishTVUITests;
			productName = RumbleFishTVUITests;
			productReference = F74EBCB3212D44A100FE351B /* RumbleFishTVUITests.xctest */;
			productType = "com.apple.product-type.bundle.ui-testing";
		};
/* End PBXNativeTarget section */

/* Begin PBXProject section */
		F74EBC8C212D449C00FE351B /* Project object */ = {
			isa = PBXProject;
			attributes = {
				CLASSPREFIX = RF;
				LastSwiftUpdateCheck = 0930;
				LastUpgradeCheck = 0930;
				ORGANIZATIONNAME = MKTECH;
				TargetAttributes = {
					F74EBC93212D449C00FE351B = {
						CreatedOnToolsVersion = 9.3;
					};
					F74EBCA7212D44A100FE351B = {
						CreatedOnToolsVersion = 9.3;
						TestTargetID = F74EBC93212D449C00FE351B;
					};
					F74EBCB2212D44A100FE351B = {
						CreatedOnToolsVersion = 9.3;
						TestTargetID = F74EBC93212D449C00FE351B;
					};
				};
			};
			buildConfigurationList = F74EBC8F212D449C00FE351B /* Build configuration list for PBXProject "RumbleFishTV" */;
			compatibilityVersion = "Xcode 9.3";
			developmentRegion = en;
			hasScannedForEncodings = 0;
			knownRegions = (
				en,
				Base,
			);
			mainGroup = F74EBC8B212D449C00FE351B;
			productRefGroup = F74EBC95212D449C00FE351B /* Products */;
			projectDirPath = "";
			projectRoot = "";
			targets = (
				F74EBC93212D449C00FE351B /* RumbleFishTV */,
				F74EBCA7212D44A100FE351B /* RumbleFishTVTests */,
				F74EBCB2212D44A100FE351B /* RumbleFishTVUITests */,
			);
		};
/* End PBXProject section */

/* Begin PBXResourcesBuildPhase section */
		F74EBC92212D449C00FE351B /* Resources */ = {
			isa = PBXResourcesBuildPhase;
			buildActionMask = 2147483647;
			files = (
				F74A86FB212EC514001A858F /* Profile.storyboard in Resources */,
				F74A86F9212EC4CD001A858F /* Follow.storyboard in Resources */,
				F74A86F5212EC22D001A858F /* Home.storyboard in Resources */,
				F74EBC9F212D44A100FE351B /* Assets.xcassets in Resources */,
				F74A86F7212EC42B001A858F /* Live.storyboard in Resources */,
				F74EBC9D212D449C00FE351B /* Main.storyboard in Resources */,
			);
			runOnlyForDeploymentPostprocessing = 0;
		};
		F74EBCA6212D44A100FE351B /* Resources */ = {
			isa = PBXResourcesBuildPhase;
			buildActionMask = 2147483647;
			files = (
			);
			runOnlyForDeploymentPostprocessing = 0;
		};
		F74EBCB1212D44A100FE351B /* Resources */ = {
			isa = PBXResourcesBuildPhase;
			buildActionMask = 2147483647;
			files = (
			);
			runOnlyForDeploymentPostprocessing = 0;
		};
/* End PBXResourcesBuildPhase section */

/* Begin PBXSourcesBuildPhase section */
		F74EBC90212D449C00FE351B /* Sources */ = {
			isa = PBXSourcesBuildPhase;
			buildActionMask = 2147483647;
			files = (
				F74EBC98212D449C00FE351B /* AppDelegate.swift in Sources */,
				F73E0AD82136A05300DD2960 /* Bundle+Extension.swift in Sources */,
				F73E0ADD2136A05300DD2960 /* UILabel+Extension.swift in Sources */,
				F74FCE692137CD0B00AB28DD /* PageTitleView.swift in Sources */,
				F73E0ADF2136A05300DD2960 /* Function.swift in Sources */,
				F73E0ACC21369BF500DD2960 /* RFHomeViewController.swift in Sources */,
				F73E0ADC2136A05300DD2960 /* UIColor+Extension.swift in Sources */,
				F73E0ADA2136A05300DD2960 /* UIBarButtonItem+Extension.swift in Sources */,
				F74EBCCF212D647100FE351B /* RFNavigationController.swift in Sources */,
				F73E0ADB2136A05300DD2960 /* UIButton+Extension.swift in Sources */,
				F73E0ADE2136A05300DD2960 /* Constant.swift in Sources */,
				F73E0AE02136A05300DD2960 /* URLString.swift in Sources */,
				F74EBCCD212D623D00FE351B /* RFTabBarController.swift in Sources */,
			);
			runOnlyForDeploymentPostprocessing = 0;
		};
		F74EBCA4212D44A100FE351B /* Sources */ = {
			isa = PBXSourcesBuildPhase;
			buildActionMask = 2147483647;
			files = (
				F74EBCAD212D44A100FE351B /* RumbleFishTVTests.swift in Sources */,
			);
			runOnlyForDeploymentPostprocessing = 0;
		};
		F74EBCAF212D44A100FE351B /* Sources */ = {
			isa = PBXSourcesBuildPhase;
			buildActionMask = 2147483647;
			files = (
				F74EBCB8212D44A100FE351B /* RumbleFishTVUITests.swift in Sources */,
			);
			runOnlyForDeploymentPostprocessing = 0;
		};
/* End PBXSourcesBuildPhase section */

/* Begin PBXTargetDependency section */
		F74EBCAA212D44A100FE351B /* PBXTargetDependency */ = {
			isa = PBXTargetDependency;
			target = F74EBC93212D449C00FE351B /* RumbleFishTV */;
			targetProxy = F74EBCA9212D44A100FE351B /* PBXContainerItemProxy */;
		};
		F74EBCB5212D44A100FE351B /* PBXTargetDependency */ = {
			isa = PBXTargetDependency;
			target = F74EBC93212D449C00FE351B /* RumbleFishTV */;
			targetProxy = F74EBCB4212D44A100FE351B /* PBXContainerItemProxy */;
		};
/* End PBXTargetDependency section */

/* Begin PBXVariantGroup section */
		F74EBC9B212D449C00FE351B /* Main.storyboard */ = {
			isa = PBXVariantGroup;
			children = (
				F74EBC9C212D449C00FE351B /* Base */,
			);
			name = Main.storyboard;
			sourceTree = "<group>";
		};
/* End PBXVariantGroup section */

/* Begin XCBuildConfiguration section */
		F74EBCBA212D44A100FE351B /* Debug */ = {
			isa = XCBuildConfiguration;
			buildSettings = {
				ALWAYS_SEARCH_USER_PATHS = NO;
				CLANG_ANALYZER_NONNULL = YES;
				CLANG_ANALYZER_NUMBER_OBJECT_CONVERSION = YES_AGGRESSIVE;
				CLANG_CXX_LANGUAGE_STANDARD = "gnu++14";
				CLANG_CXX_LIBRARY = "libc++";
				CLANG_ENABLE_MODULES = YES;
				CLANG_ENABLE_OBJC_ARC = YES;
				CLANG_ENABLE_OBJC_WEAK = YES;
				CLANG_WARN_BLOCK_CAPTURE_AUTORELEASING = YES;
				CLANG_WARN_BOOL_CONVERSION = YES;
				CLANG_WARN_COMMA = YES;
				CLANG_WARN_CONSTANT_CONVERSION = YES;
				CLANG_WARN_DEPRECATED_OBJC_IMPLEMENTATIONS = YES;
				CLANG_WARN_DIRECT_OBJC_ISA_USAGE = YES_ERROR;
				CLANG_WARN_DOCUMENTATION_COMMENTS = YES;
				CLANG_WARN_EMPTY_BODY = YES;
				CLANG_WARN_ENUM_CONVERSION = YES;
				CLANG_WARN_INFINITE_RECURSION = YES;
				CLANG_WARN_INT_CONVERSION = YES;
				CLANG_WARN_NON_LITERAL_NULL_CONVERSION = YES;
				CLANG_WARN_OBJC_IMPLICIT_RETAIN_SELF = YES;
				CLANG_WARN_OBJC_LITERAL_CONVERSION = YES;
				CLANG_WARN_OBJC_ROOT_CLASS = YES_ERROR;
				CLANG_WARN_RANGE_LOOP_ANALYSIS = YES;
				CLANG_WARN_STRICT_PROTOTYPES = YES;
				CLANG_WARN_SUSPICIOUS_MOVE = YES;
				CLANG_WARN_UNGUARDED_AVAILABILITY = YES_AGGRESSIVE;
				CLANG_WARN_UNREACHABLE_CODE = YES;
				CLANG_WARN__DUPLICATE_METHOD_MATCH = YES;
				CODE_SIGN_IDENTITY = "iPhone Developer";
				COPY_PHASE_STRIP = NO;
				DEBUG_INFORMATION_FORMAT = dwarf;
				ENABLE_STRICT_OBJC_MSGSEND = YES;
				ENABLE_TESTABILITY = YES;
				GCC_C_LANGUAGE_STANDARD = gnu11;
				GCC_DYNAMIC_NO_PIC = NO;
				GCC_NO_COMMON_BLOCKS = YES;
				GCC_OPTIMIZATION_LEVEL = 0;
				GCC_PREPROCESSOR_DEFINITIONS = (
					"DEBUG=1",
					"$(inherited)",
				);
				GCC_WARN_64_TO_32_BIT_CONVERSION = YES;
				GCC_WARN_ABOUT_RETURN_TYPE = YES_ERROR;
				GCC_WARN_UNDECLARED_SELECTOR = YES;
				GCC_WARN_UNINITIALIZED_AUTOS = YES_AGGRESSIVE;
				GCC_WARN_UNUSED_FUNCTION = YES;
				GCC_WARN_UNUSED_VARIABLE = YES;
				IPHONEOS_DEPLOYMENT_TARGET = 11.3;
				MTL_ENABLE_DEBUG_INFO = YES;
				ONLY_ACTIVE_ARCH = YES;
				SDKROOT = iphoneos;
				SWIFT_ACTIVE_COMPILATION_CONDITIONS = DEBUG;
				SWIFT_OPTIMIZATION_LEVEL = "-Onone";
			};
			name = Debug;
		};
		F74EBCBB212D44A100FE351B /* Release */ = {
			isa = XCBuildConfiguration;
			buildSettings = {
				ALWAYS_SEARCH_USER_PATHS = NO;
				CLANG_ANALYZER_NONNULL = YES;
				CLANG_ANALYZER_NUMBER_OBJECT_CONVERSION = YES_AGGRESSIVE;
				CLANG_CXX_LANGUAGE_STANDARD = "gnu++14";
				CLANG_CXX_LIBRARY = "libc++";
				CLANG_ENABLE_MODULES = YES;
				CLANG_ENABLE_OBJC_ARC = YES;
				CLANG_ENABLE_OBJC_WEAK = YES;
				CLANG_WARN_BLOCK_CAPTURE_AUTORELEASING = YES;
				CLANG_WARN_BOOL_CONVERSION = YES;
				CLANG_WARN_COMMA = YES;
				CLANG_WARN_CONSTANT_CONVERSION = YES;
				CLANG_WARN_DEPRECATED_OBJC_IMPLEMENTATIONS = YES;
				CLANG_WARN_DIRECT_OBJC_ISA_USAGE = YES_ERROR;
				CLANG_WARN_DOCUMENTATION_COMMENTS = YES;
				CLANG_WARN_EMPTY_BODY = YES;
				CLANG_WARN_ENUM_CONVERSION = YES;
				CLANG_WARN_INFINITE_RECURSION = YES;
				CLANG_WARN_INT_CONVERSION = YES;
				CLANG_WARN_NON_LITERAL_NULL_CONVERSION = YES;
				CLANG_WARN_OBJC_IMPLICIT_RETAIN_SELF = YES;
				CLANG_WARN_OBJC_LITERAL_CONVERSION = YES;
				CLANG_WARN_OBJC_ROOT_CLASS = YES_ERROR;
				CLANG_WARN_RANGE_LOOP_ANALYSIS = YES;
				CLANG_WARN_STRICT_PROTOTYPES = YES;
				CLANG_WARN_SUSPICIOUS_MOVE = YES;
				CLANG_WARN_UNGUARDED_AVAILABILITY = YES_AGGRESSIVE;
				CLANG_WARN_UNREACHABLE_CODE = YES;
				CLANG_WARN__DUPLICATE_METHOD_MATCH = YES;
				CODE_SIGN_IDENTITY = "iPhone Developer";
				COPY_PHASE_STRIP = NO;
				DEBUG_INFORMATION_FORMAT = "dwarf-with-dsym";
				ENABLE_NS_ASSERTIONS = NO;
				ENABLE_STRICT_OBJC_MSGSEND = YES;
				GCC_C_LANGUAGE_STANDARD = gnu11;
				GCC_NO_COMMON_BLOCKS = YES;
				GCC_WARN_64_TO_32_BIT_CONVERSION = YES;
				GCC_WARN_ABOUT_RETURN_TYPE = YES_ERROR;
				GCC_WARN_UNDECLARED_SELECTOR = YES;
				GCC_WARN_UNINITIALIZED_AUTOS = YES_AGGRESSIVE;
				GCC_WARN_UNUSED_FUNCTION = YES;
				GCC_WARN_UNUSED_VARIABLE = YES;
				IPHONEOS_DEPLOYMENT_TARGET = 11.3;
				MTL_ENABLE_DEBUG_INFO = NO;
				SDKROOT = iphoneos;
				SWIFT_COMPILATION_MODE = wholemodule;
				SWIFT_OPTIMIZATION_LEVEL = "-O";
				VALIDATE_PRODUCT = YES;
			};
			name = Release;
		};
		F74EBCBD212D44A100FE351B /* Debug */ = {
			isa = XCBuildConfiguration;
			buildSettings = {
				ASSETCATALOG_COMPILER_APPICON_NAME = AppIcon;
				ASSETCATALOG_COMPILER_LAUNCHIMAGE_NAME = LaunchImage;
				CODE_SIGN_STYLE = Automatic;
				DEVELOPMENT_TEAM = C65X67CW5H;
				INFOPLIST_FILE = RumbleFishTV/Info.plist;
				IPHONEOS_DEPLOYMENT_TARGET = 9.0;
				LD_RUNPATH_SEARCH_PATHS = (
					"$(inherited)",
					"@executable_path/Frameworks",
				);
				PRODUCT_BUNDLE_IDENTIFIER = com.gotech.RumbleFishTV;
				PRODUCT_NAME = "$(TARGET_NAME)";
				SWIFT_VERSION = 4.0;
				TARGETED_DEVICE_FAMILY = 1;
			};
			name = Debug;
		};
		F74EBCBE212D44A100FE351B /* Release */ = {
			isa = XCBuildConfiguration;
			buildSettings = {
				ASSETCATALOG_COMPILER_APPICON_NAME = AppIcon;
				ASSETCATALOG_COMPILER_LAUNCHIMAGE_NAME = LaunchImage;
				CODE_SIGN_STYLE = Automatic;
				DEVELOPMENT_TEAM = C65X67CW5H;
				INFOPLIST_FILE = RumbleFishTV/Info.plist;
				IPHONEOS_DEPLOYMENT_TARGET = 9.0;
				LD_RUNPATH_SEARCH_PATHS = (
					"$(inherited)",
					"@executable_path/Frameworks",
				);
				PRODUCT_BUNDLE_IDENTIFIER = com.gotech.RumbleFishTV;
				PRODUCT_NAME = "$(TARGET_NAME)";
				SWIFT_VERSION = 4.0;
				TARGETED_DEVICE_FAMILY = 1;
			};
			name = Release;
		};
		F74EBCC0212D44A100FE351B /* Debug */ = {
			isa = XCBuildConfiguration;
			buildSettings = {
				ALWAYS_EMBED_SWIFT_STANDARD_LIBRARIES = YES;
				BUNDLE_LOADER = "$(TEST_HOST)";
				CODE_SIGN_STYLE = Automatic;
				DEVELOPMENT_TEAM = C65X67CW5H;
				INFOPLIST_FILE = RumbleFishTVTests/Info.plist;
				LD_RUNPATH_SEARCH_PATHS = (
					"$(inherited)",
					"@executable_path/Frameworks",
					"@loader_path/Frameworks",
				);
				PRODUCT_BUNDLE_IDENTIFIER = com.gotech.RumbleFishTVTests;
				PRODUCT_NAME = "$(TARGET_NAME)";
				SWIFT_VERSION = 4.0;
				TARGETED_DEVICE_FAMILY = "1,2";
				TEST_HOST = "$(BUILT_PRODUCTS_DIR)/RumbleFishTV.app/RumbleFishTV";
			};
			name = Debug;
		};
		F74EBCC1212D44A100FE351B /* Release */ = {
			isa = XCBuildConfiguration;
			buildSettings = {
				ALWAYS_EMBED_SWIFT_STANDARD_LIBRARIES = YES;
				BUNDLE_LOADER = "$(TEST_HOST)";
				CODE_SIGN_STYLE = Automatic;
				DEVELOPMENT_TEAM = C65X67CW5H;
				INFOPLIST_FILE = RumbleFishTVTests/Info.plist;
				LD_RUNPATH_SEARCH_PATHS = (
					"$(inherited)",
					"@executable_path/Frameworks",
					"@loader_path/Frameworks",
				);
				PRODUCT_BUNDLE_IDENTIFIER = com.gotech.RumbleFishTVTests;
				PRODUCT_NAME = "$(TARGET_NAME)";
				SWIFT_VERSION = 4.0;
				TARGETED_DEVICE_FAMILY = "1,2";
				TEST_HOST = "$(BUILT_PRODUCTS_DIR)/RumbleFishTV.app/RumbleFishTV";
			};
			name = Release;
		};
		F74EBCC3212D44A100FE351B /* Debug */ = {
			isa = XCBuildConfiguration;
			buildSettings = {
				ALWAYS_EMBED_SWIFT_STANDARD_LIBRARIES = YES;
				CODE_SIGN_STYLE = Automatic;
				DEVELOPMENT_TEAM = C65X67CW5H;
				INFOPLIST_FILE = RumbleFishTVUITests/Info.plist;
				LD_RUNPATH_SEARCH_PATHS = (
					"$(inherited)",
					"@executable_path/Frameworks",
					"@loader_path/Frameworks",
				);
				PRODUCT_BUNDLE_IDENTIFIER = com.gotech.RumbleFishTVUITests;
				PRODUCT_NAME = "$(TARGET_NAME)";
				SWIFT_VERSION = 4.0;
				TARGETED_DEVICE_FAMILY = "1,2";
				TEST_TARGET_NAME = RumbleFishTV;
			};
			name = Debug;
		};
		F74EBCC4212D44A100FE351B /* Release */ = {
			isa = XCBuildConfiguration;
			buildSettings = {
				ALWAYS_EMBED_SWIFT_STANDARD_LIBRARIES = YES;
				CODE_SIGN_STYLE = Automatic;
				DEVELOPMENT_TEAM = C65X67CW5H;
				INFOPLIST_FILE = RumbleFishTVUITests/Info.plist;
				LD_RUNPATH_SEARCH_PATHS = (
					"$(inherited)",
					"@executable_path/Frameworks",
					"@loader_path/Frameworks",
				);
				PRODUCT_BUNDLE_IDENTIFIER = com.gotech.RumbleFishTVUITests;
				PRODUCT_NAME = "$(TARGET_NAME)";
				SWIFT_VERSION = 4.0;
				TARGETED_DEVICE_FAMILY = "1,2";
				TEST_TARGET_NAME = RumbleFishTV;
			};
			name = Release;
		};
/* End XCBuildConfiguration section */

/* Begin XCConfigurationList section */
		F74EBC8F212D449C00FE351B /* Build configuration list for PBXProject "RumbleFishTV" */ = {
			isa = XCConfigurationList;
			buildConfigurations = (
				F74EBCBA212D44A100FE351B /* Debug */,
				F74EBCBB212D44A100FE351B /* Release */,
			);
			defaultConfigurationIsVisible = 0;
			defaultConfigurationName = Release;
		};
		F74EBCBC212D44A100FE351B /* Build configuration list for PBXNativeTarget "RumbleFishTV" */ = {
			isa = XCConfigurationList;
			buildConfigurations = (
				F74EBCBD212D44A100FE351B /* Debug */,
				F74EBCBE212D44A100FE351B /* Release */,
			);
			defaultConfigurationIsVisible = 0;
			defaultConfigurationName = Release;
		};
		F74EBCBF212D44A100FE351B /* Build configuration list for PBXNativeTarget "RumbleFishTVTests" */ = {
			isa = XCConfigurationList;
			buildConfigurations = (
				F74EBCC0212D44A100FE351B /* Debug */,
				F74EBCC1212D44A100FE351B /* Release */,
			);
			defaultConfigurationIsVisible = 0;
			defaultConfigurationName = Release;
		};
		F74EBCC2212D44A100FE351B /* Build configuration list for PBXNativeTarget "RumbleFishTVUITests" */ = {
			isa = XCConfigurationList;
			buildConfigurations = (
				F74EBCC3212D44A100FE351B /* Debug */,
				F74EBCC4212D44A100FE351B /* Release */,
			);
			defaultConfigurationIsVisible = 0;
			defaultConfigurationName = Release;
		};
/* End XCConfigurationList section */
	};
	rootObject = F74EBC8C212D449C00FE351B /* Project object */;
}
